{
    "name": "babylonjs-editor-webpack-progress",
    "version": "1.0.2",
    "lockfileVersion": 2,
    "requires": true,
    "packages": {
        "": {
            "name": "babylonjs-editor-webpack-progress",
            "version": "1.0.2",
            "license": "(Apache-2.0)",
            "devDependencies": {}
        }
    }
}
