{
    "name": "babylonjs-editor-photoshop-extension",
    "version": "1.0.0",
    "lockfileVersion": 2,
    "requires": true,
    "packages": {
        "": {
            "name": "babylonjs-editor-photoshop-extension",
            "version": "1.0.0",
            "license": "(Apache-2.0)",
            "devDependencies": {}
        }
    }
}
